{
    "name": "applicationinsights-common",
    "version": "0.0.1",
    "lockfileVersion": 1,
    "requires": true,
    "dependencies": {
        "applicationinsights-core-js": {
            "version": "0.0.21",
            "resolved": "https://mseng.pkgs.visualstudio.com/_packaging/ApplicationInsights-Team/npm/registry/applicationinsights-core-js/-/applicationinsights-core-js-0.0.21.tgz",
            "integrity": "sha1-G6d/ttvMjuxrgR2nafRLHmtWjuQ="
        }
    }
}
