{
    "name": "applicationinsights-analytics-js",
    "version": "0.0.7",
    "lockfileVersion": 1,
    "requires": true,
    "dependencies": {
        "applicationinsights-common": {
            "version": "0.0.39",
            "resolved": "https://mseng.pkgs.visualstudio.com/_packaging/ApplicationInsights-Team/npm/registry/applicationinsights-common/-/applicationinsights-common-0.0.39.tgz",
            "integrity": "sha1-lNQR8/k0CmkPbj5pZMC6aVRq4xo=",
            "requires": {
                "applicationinsights-core-js": "0.0.27"
            },
            "dependencies": {
                "applicationinsights-core-js": {
                    "version": "0.0.27",
                    "resolved": "https://mseng.pkgs.visualstudio.com/_packaging/ApplicationInsights-Team/npm/registry/applicationinsights-core-js/-/applicationinsights-core-js-0.0.27.tgz",
                    "integrity": "sha1-2NSsJLWeCv6GLrBxCwaxFhjrMlM="
                }
            }
        },
        "applicationinsights-core-js": {
            "version": "0.0.31",
            "resolved": "https://mseng.pkgs.visualstudio.com/_packaging/ApplicationInsights-Team/npm/registry/applicationinsights-core-js/-/applicationinsights-core-js-0.0.31.tgz",
            "integrity": "sha1-6kJG+mRPJGb1NnXsisAOKQ+5wxM="
        },
        "typescript": {
            "version": "2.5.3",
            "resolved": "https://mseng.pkgs.visualstudio.com/_packaging/ApplicationInsights-Team/npm/registry/typescript/-/typescript-2.5.3.tgz",
            "integrity": "sha1-3z3Nw48764ANS8MiZGsEo/bKfw0=",
            "dev": true
        }
    }
}
