
Microsoft Visual Studio Solution File, Format Version 12.00
# Visual Studio 2013
VisualStudioVersion = 12.0.30723.0
MinimumVisualStudioVersion = 10.0.40219.1
Project("{FAE04EC0-301F-11D3-BF4B-00C04F79EFBC}") = "JavaScriptSDK", "JavaScriptSDK\JavaScriptSDK.csproj", "{49ECFE69-8C92-4FA7-A7C3-CDB957C71654}"
EndProject
Global
	GlobalSection(SolutionConfigurationPlatforms) = preSolution
		Debug|Any CPU = Debug|Any CPU
		Release|Any CPU = Release|Any CPU
	EndGlobalSection
	GlobalSection(ProjectConfigurationPlatforms) = postSolution
		{49ECFE69-8C92-4FA7-A7C3-CDB957C71654}.Debug|Any CPU.ActiveCfg = Debug|Any CPU
		{49ECFE69-8C92-4FA7-A7C3-CDB957C71654}.Debug|Any CPU.Build.0 = Debug|Any CPU
		{49ECFE69-8C92-4FA7-A7C3-CDB957C71654}.Release|Any CPU.ActiveCfg = Release|Any CPU
		{49ECFE69-8C92-4FA7-A7C3-CDB957C71654}.Release|Any CPU.Build.0 = Release|Any CPU
	EndGlobalSection
	GlobalSection(SolutionProperties) = preSolution
		HideSolutionNode = FALSE
	EndGlobalSection
EndGlobal
