{
    "name": "applicationinsights-js",
    "version": "0.0.15",
    "lockfileVersion": 1,
    "requires": true,
    "dependencies": {
        "applicationinsights-common": {
            "version": "0.0.3",
            "resolved": "https://mseng.pkgs.visualstudio.com/_packaging/ApplicationInsights-Team/npm/registry/applicationinsights-common/-/applicationinsights-common-0.0.3.tgz",
            "integrity": "sha1-mpTrf94tZVUgPSR4fTJLfhHOhyc="
        },
        "applicationinsights-core-js": {
            "version": "0.0.15",
            "resolved": "https://mseng.pkgs.visualstudio.com/_packaging/ApplicationInsights-Team/npm/registry/applicationinsights-core-js/-/applicationinsights-core-js-0.0.15.tgz",
            "integrity": "sha1-hAD+dM1xAG6QcDDE1i0xyf7V5/Q="
        }
    }
}
