{
    "name": "applicationinsights-js",
    "version": "0.0.15",
    "lockfileVersion": 1,
    "requires": true,
    "dependencies": {
        "applicationinsights-common": {
            "version": "0.0.1",
            "resolved": "https://mseng.pkgs.visualstudio.com/_packaging/ApplicationInsights-Team/npm/registry/applicationinsights-common/-/applicationinsights-common-0.0.1.tgz",
            "integrity": "sha1-GPTB8WKN27VAwwEb6+i2zbQo6c8="
        },
        "typescript": {
            "version": "2.5.3",
            "resolved": "https://registry.npmjs.org/typescript/-/typescript-2.5.3.tgz",
            "integrity": "sha512-ptLSQs2S4QuS6/OD1eAKG+S5G8QQtrU5RT32JULdZQtM1L3WTi34Wsu48Yndzi8xsObRAB9RPt/KhA9wlpEF6w==",
            "dev": true
        }
    }
}
