{
    "name": "applicationinsights-js",
    "version": "0.0.1",
    "lockfileVersion": 1,
    "requires": true,
    "dependencies": {
        "applicationinsights-common": {
            "version": "0.0.17",
            "resolved": "https://mseng.pkgs.visualstudio.com/_packaging/ApplicationInsights-Team/npm/registry/applicationinsights-common/-/applicationinsights-common-0.0.17.tgz",
            "integrity": "sha1-BFRB70AScM4UMCfcFIFnxtbqz2w=",
            "requires": {
                "applicationinsights-core-js": "0.0.21"
            }
        },
        "applicationinsights-core-js": {
            "version": "0.0.21",
            "resolved": "https://mseng.pkgs.visualstudio.com/_packaging/ApplicationInsights-Team/npm/registry/applicationinsights-core-js/-/applicationinsights-core-js-0.0.21.tgz",
            "integrity": "sha1-G6d/ttvMjuxrgR2nafRLHmtWjuQ="
        },
        "typescript": {
            "version": "2.5.3",
            "resolved": "https://registry.npmjs.org/typescript/-/typescript-2.5.3.tgz",
            "integrity": "sha512-ptLSQs2S4QuS6/OD1eAKG+S5G8QQtrU5RT32JULdZQtM1L3WTi34Wsu48Yndzi8xsObRAB9RPt/KhA9wlpEF6w==",
            "dev": true
        }
    }
}
