
Microsoft Visual Studio Solution File, Format Version 12.00
# Visual Studio 14
VisualStudioVersion = 14.0.25420.1
MinimumVisualStudioVersion = 10.0.40219.1
Project("{FAE04EC0-301F-11D3-BF4B-00C04F79EFBC}") = "NuGet.JavaScript", "NuGet.JavaScript\NuGet.JavaScript.csproj", "{7C2662E9-96D3-473A-B0DD-55A80343A237}"
EndProject
Project("{2150E333-8FDC-42A3-9474-1A3956D46DE8}") = "Solution Items", "Solution Items", "{59A3A3F8-A4CA-48B7-91BB-B3F1DE661EB9}"
	ProjectSection(SolutionItems) = preProject
		.gitignore = .gitignore
		..\Global.props = ..\Global.props
		..\package.json = ..\package.json
		..\Package.targets = ..\Package.targets
		PostTestScript.cmd = PostTestScript.cmd
		..\README.md = ..\README.md
		..\scripts\RunTestsInBrowser.ps1 = ..\scripts\RunTestsInBrowser.ps1
	EndProjectSection
EndProject
Project("{2150E333-8FDC-42A3-9474-1A3956D46DE8}") = ".nuget", ".nuget", "{6437E05C-5120-4E44-B696-61F19B0FD73A}"
EndProject
Project("{FAE04EC0-301F-11D3-BF4B-00C04F79EFBC}") = "NuGet.TypeScript", "NuGet.TypeScript\NuGet.TypeScript.csproj", "{314B90F5-0E04-456A-AF38-914F520C3BF3}"
	ProjectSection(ProjectDependencies) = postProject
		{7C2662E9-96D3-473A-B0DD-55A80343A237} = {7C2662E9-96D3-473A-B0DD-55A80343A237}
	EndProjectSection
EndProject
Global
	GlobalSection(SolutionConfigurationPlatforms) = preSolution
		Debug|Any CPU = Debug|Any CPU
		Release|Any CPU = Release|Any CPU
	EndGlobalSection
	GlobalSection(ProjectConfigurationPlatforms) = postSolution
		{7C2662E9-96D3-473A-B0DD-55A80343A237}.Debug|Any CPU.ActiveCfg = Debug|Any CPU
		{7C2662E9-96D3-473A-B0DD-55A80343A237}.Release|Any CPU.ActiveCfg = Release|Any CPU
		{7C2662E9-96D3-473A-B0DD-55A80343A237}.Release|Any CPU.Build.0 = Release|Any CPU
		{314B90F5-0E04-456A-AF38-914F520C3BF3}.Debug|Any CPU.ActiveCfg = Debug|Any CPU
		{314B90F5-0E04-456A-AF38-914F520C3BF3}.Debug|Any CPU.Build.0 = Debug|Any CPU
		{314B90F5-0E04-456A-AF38-914F520C3BF3}.Release|Any CPU.ActiveCfg = Release|Any CPU
		{314B90F5-0E04-456A-AF38-914F520C3BF3}.Release|Any CPU.Build.0 = Release|Any CPU
	EndGlobalSection
	GlobalSection(SolutionProperties) = preSolution
		HideSolutionNode = FALSE
	EndGlobalSection
EndGlobal
